// !$*UTF8*$!
{
	archiveVersion = 1;
	classes = {
	};
	objectVersion = 50;
	objects = {

/* Begin PBXBuildFile section */
		F2214CAD272066E700853DE6 /* ModalView.swift in Sources */ = {isa = PBXBuildFile; fileRef = F2214CAC272066E700853DE6 /* ModalView.swift */; };
		F29CEB2E26D6E05900C0F879 /* WalkAppApp.swift in Sources */ = {isa = PBXBuildFile; fileRef = F29CEB2D26D6E05900C0F879 /* WalkAppApp.swift */; };
		F29CEB3226D6E05B00C0F879 /* Assets.xcassets in Resources */ = {isa = PBXBuildFile; fileRef = F29CEB3126D6E05B00C0F879 /* Assets.xcassets */; };
		F29CEB3526D6E05B00C0F879 /* Preview Assets.xcassets in Resources */ = {isa = PBXBuildFile; fileRef = F29CEB3426D6E05B00C0F879 /* Preview Assets.xcassets */; };
		F29CEB9226D6E0EC00C0F879 /* NewDogView.swift in Sources */ = {isa = PBXBuildFile; fileRef = F29CEB7E26D6E0EB00C0F879 /* NewDogView.swift */; };
		F29CEB9526D6E0EC00C0F879 /* DogDetailView.swift in Sources */ = {isa = PBXBuildFile; fileRef = F29CEB8326D6E0EB00C0F879 /* DogDetailView.swift */; };
		F29CEB9626D6E0EC00C0F879 /* TimeRow.swift in Sources */ = {isa = PBXBuildFile; fileRef = F29CEB8526D6E0EB00C0F879 /* TimeRow.swift */; };
		F29CEB9726D6E0EC00C0F879 /* WalkSectionView.swift in Sources */ = {isa = PBXBuildFile; fileRef = F29CEB8726D6E0EB00C0F879 /* WalkSectionView.swift */; };
		F29CEB9926D6E0EC00C0F879 /* DogListView.swift in Sources */ = {isa = PBXBuildFile; fileRef = F29CEB8A26D6E0EB00C0F879 /* DogListView.swift */; };
		F29CEB9A26D6E0EC00C0F879 /* DogListRow.swift in Sources */ = {isa = PBXBuildFile; fileRef = F29CEB8C26D6E0EB00C0F879 /* DogListRow.swift */; };
		F29CEB9B26D6E0EC00C0F879 /* ProfileView.swift in Sources */ = {isa = PBXBuildFile; fileRef = F29CEB8E26D6E0EC00C0F879 /* ProfileView.swift */; };
		F29CEBA326D6E13200C0F879 /* Walk.swift in Sources */ = {isa = PBXBuildFile; fileRef = F29CEBA026D6E13200C0F879 /* Walk.swift */; };
		F29CEBA426D6E13200C0F879 /* User.swift in Sources */ = {isa = PBXBuildFile; fileRef = F29CEBA126D6E13200C0F879 /* User.swift */; };
		F29CEBA526D6E13200C0F879 /* Dog.swift in Sources */ = {isa = PBXBuildFile; fileRef = F29CEBA226D6E13200C0F879 /* Dog.swift */; };
		F29CEBAA26D6E16F00C0F879 /* ImagePicker.swift in Sources */ = {isa = PBXBuildFile; fileRef = F29CEBA726D6E16F00C0F879 /* ImagePicker.swift */; };
		F29CEBAB26D6E16F00C0F879 /* Extensions.swift in Sources */ = {isa = PBXBuildFile; fileRef = F29CEBA826D6E16F00C0F879 /* Extensions.swift */; };
		F29CEBAC26D6E16F00C0F879 /* Alerts.swift in Sources */ = {isa = PBXBuildFile; fileRef = F29CEBA926D6E16F00C0F879 /* Alerts.swift */; };
		F29CEBAE26D6E2E200C0F879 /* Colors.plist in Resources */ = {isa = PBXBuildFile; fileRef = F29CEBAD26D6E2E200C0F879 /* Colors.plist */; };
/* End PBXBuildFile section */

/* Begin PBXFileReference section */
		F2214CAC272066E700853DE6 /* ModalView.swift */ = {isa = PBXFileReference; fileEncoding = 4; lastKnownFileType = sourcecode.swift; path = ModalView.swift; sourceTree = "<group>"; };
		F29CEB2A26D6E05900C0F879 /* WalkApp.app */ = {isa = PBXFileReference; explicitFileType = wrapper.application; includeInIndex = 0; path = WalkApp.app; sourceTree = BUILT_PRODUCTS_DIR; };
		F29CEB2D26D6E05900C0F879 /* WalkAppApp.swift */ = {isa = PBXFileReference; lastKnownFileType = sourcecode.swift; path = WalkAppApp.swift; sourceTree = "<group>"; };
		F29CEB3126D6E05B00C0F879 /* Assets.xcassets */ = {isa = PBXFileReference; lastKnownFileType = folder.assetcatalog; path = Assets.xcassets; sourceTree = "<group>"; };
		F29CEB3426D6E05B00C0F879 /* Preview Assets.xcassets */ = {isa = PBXFileReference; lastKnownFileType = folder.assetcatalog; path = "Preview Assets.xcassets"; sourceTree = "<group>"; };
		F29CEB3626D6E05B00C0F879 /* Info.plist */ = {isa = PBXFileReference; lastKnownFileType = text.plist.xml; path = Info.plist; sourceTree = "<group>"; };
		F29CEB7E26D6E0EB00C0F879 /* NewDogView.swift */ = {isa = PBXFileReference; fileEncoding = 4; lastKnownFileType = sourcecode.swift; path = NewDogView.swift; sourceTree = "<group>"; };
		F29CEB8326D6E0EB00C0F879 /* DogDetailView.swift */ = {isa = PBXFileReference; fileEncoding = 4; lastKnownFileType = sourcecode.swift; path = DogDetailView.swift; sourceTree = "<group>"; };
		F29CEB8526D6E0EB00C0F879 /* TimeRow.swift */ = {isa = PBXFileReference; fileEncoding = 4; lastKnownFileType = sourcecode.swift; path = TimeRow.swift; sourceTree = "<group>"; };
		F29CEB8726D6E0EB00C0F879 /* WalkSectionView.swift */ = {isa = PBXFileReference; fileEncoding = 4; lastKnownFileType = sourcecode.swift; path = WalkSectionView.swift; sourceTree = "<group>"; };
		F29CEB8A26D6E0EB00C0F879 /* DogListView.swift */ = {isa = PBXFileReference; fileEncoding = 4; lastKnownFileType = sourcecode.swift; path = DogListView.swift; sourceTree = "<group>"; };
		F29CEB8C26D6E0EB00C0F879 /* DogListRow.swift */ = {isa = PBXFileReference; fileEncoding = 4; lastKnownFileType = sourcecode.swift; path = DogListRow.swift; sourceTree = "<group>"; };
		F29CEB8E26D6E0EC00C0F879 /* ProfileView.swift */ = {isa = PBXFileReference; fileEncoding = 4; lastKnownFileType = sourcecode.swift; path = ProfileView.swift; sourceTree = "<group>"; };
		F29CEBA026D6E13200C0F879 /* Walk.swift */ = {isa = PBXFileReference; fileEncoding = 4; lastKnownFileType = sourcecode.swift; path = Walk.swift; sourceTree = "<group>"; };
		F29CEBA126D6E13200C0F879 /* User.swift */ = {isa = PBXFileReference; fileEncoding = 4; lastKnownFileType = sourcecode.swift; path = User.swift; sourceTree = "<group>"; };
		F29CEBA226D6E13200C0F879 /* Dog.swift */ = {isa = PBXFileReference; fileEncoding = 4; lastKnownFileType = sourcecode.swift; path = Dog.swift; sourceTree = "<group>"; };
		F29CEBA726D6E16F00C0F879 /* ImagePicker.swift */ = {isa = PBXFileReference; fileEncoding = 4; lastKnownFileType = sourcecode.swift; path = ImagePicker.swift; sourceTree = "<group>"; };
		F29CEBA826D6E16F00C0F879 /* Extensions.swift */ = {isa = PBXFileReference; fileEncoding = 4; lastKnownFileType = sourcecode.swift; path = Extensions.swift; sourceTree = "<group>"; };
		F29CEBA926D6E16F00C0F879 /* Alerts.swift */ = {isa = PBXFileReference; fileEncoding = 4; lastKnownFileType = sourcecode.swift; path = Alerts.swift; sourceTree = "<group>"; };
		F29CEBAD26D6E2E200C0F879 /* Colors.plist */ = {isa = PBXFileReference; fileEncoding = 4; lastKnownFileType = text.plist.xml; path = Colors.plist; sourceTree = "<group>"; };
/* End PBXFileReference section */

/* Begin PBXFrameworksBuildPhase section */
		F29CEB2726D6E05900C0F879 /* Frameworks */ = {
			isa = PBXFrameworksBuildPhase;
			buildActionMask = 2147483647;
			files = (
			);
			runOnlyForDeploymentPostprocessing = 0;
		};
/* End PBXFrameworksBuildPhase section */

/* Begin PBXGroup section */
		F2214CAB272066E700853DE6 /* Modal */ = {
			isa = PBXGroup;
			children = (
				F2214CAC272066E700853DE6 /* ModalView.swift */,
			);
			path = Modal;
			sourceTree = "<group>";
		};
		F29CEB2126D6E05900C0F879 = {
			isa = PBXGroup;
			children = (
				F29CEB2C26D6E05900C0F879 /* WalkApp */,
				F29CEB2B26D6E05900C0F879 /* Products */,
			);
			sourceTree = "<group>";
		};
		F29CEB2B26D6E05900C0F879 /* Products */ = {
			isa = PBXGroup;
			children = (
				F29CEB2A26D6E05900C0F879 /* WalkApp.app */,
			);
			name = Products;
			sourceTree = "<group>";
		};
		F29CEB2C26D6E05900C0F879 /* WalkApp */ = {
			isa = PBXGroup;
			children = (
				F29CEB3C26D6E07800C0F879 /* Models */,
				F29CEB3D26D6E07E00C0F879 /* Views */,
				F29CEB2D26D6E05900C0F879 /* WalkAppApp.swift */,
				F29CEB3126D6E05B00C0F879 /* Assets.xcassets */,
				F29CEB3626D6E05B00C0F879 /* Info.plist */,
				F29CEBAD26D6E2E200C0F879 /* Colors.plist */,
				F29CEBA626D6E16F00C0F879 /* Utils */,
				F29CEB3326D6E05B00C0F879 /* Preview Content */,
			);
			path = WalkApp;
			sourceTree = "<group>";
		};
		F29CEB3326D6E05B00C0F879 /* Preview Content */ = {
			isa = PBXGroup;
			children = (
				F29CEB3426D6E05B00C0F879 /* Preview Assets.xcassets */,
			);
			path = "Preview Content";
			sourceTree = "<group>";
		};
		F29CEB3C26D6E07800C0F879 /* Models */ = {
			isa = PBXGroup;
			children = (
				F29CEBA226D6E13200C0F879 /* Dog.swift */,
				F29CEBA126D6E13200C0F879 /* User.swift */,
				F29CEBA026D6E13200C0F879 /* Walk.swift */,
			);
			path = Models;
			sourceTree = "<group>";
		};
		F29CEB3D26D6E07E00C0F879 /* Views */ = {
			isa = PBXGroup;
			children = (
				F29CEB8226D6E0EB00C0F879 /* Dog */,
				F29CEB8826D6E0EB00C0F879 /* MyDogs */,
				F2214CAB272066E700853DE6 /* Modal */,
				F29CEB7D26D6E0EB00C0F879 /* NewDog */,
				F29CEB8D26D6E0EB00C0F879 /* Profile */,
				F29CEB8626D6E0EB00C0F879 /* WalkSection */,
			);
			path = Views;
			sourceTree = "<group>";
		};
		F29CEB7D26D6E0EB00C0F879 /* NewDog */ = {
			isa = PBXGroup;
			children = (
				F29CEB7E26D6E0EB00C0F879 /* NewDogView.swift */,
			);
			path = NewDog;
			sourceTree = "<group>";
		};
		F29CEB8226D6E0EB00C0F879 /* Dog */ = {
			isa = PBXGroup;
			children = (
				F29CEB8326D6E0EB00C0F879 /* DogDetailView.swift */,
				F29CEB8426D6E0EB00C0F879 /* TimeRow */,
			);
			path = Dog;
			sourceTree = "<group>";
		};
		F29CEB8426D6E0EB00C0F879 /* TimeRow */ = {
			isa = PBXGroup;
			children = (
				F29CEB8526D6E0EB00C0F879 /* TimeRow.swift */,
			);
			path = TimeRow;
			sourceTree = "<group>";
		};
		F29CEB8626D6E0EB00C0F879 /* WalkSection */ = {
			isa = PBXGroup;
			children = (
				F29CEB8726D6E0EB00C0F879 /* WalkSectionView.swift */,
			);
			path = WalkSection;
			sourceTree = "<group>";
		};
		F29CEB8826D6E0EB00C0F879 /* MyDogs */ = {
			isa = PBXGroup;
			children = (
				F29CEB8A26D6E0EB00C0F879 /* DogListView.swift */,
				F29CEB8B26D6E0EB00C0F879 /* DogRows */,
			);
			path = MyDogs;
			sourceTree = "<group>";
		};
		F29CEB8B26D6E0EB00C0F879 /* DogRows */ = {
			isa = PBXGroup;
			children = (
				F29CEB8C26D6E0EB00C0F879 /* DogListRow.swift */,
			);
			path = DogRows;
			sourceTree = "<group>";
		};
		F29CEB8D26D6E0EB00C0F879 /* Profile */ = {
			isa = PBXGroup;
			children = (
				F29CEB8E26D6E0EC00C0F879 /* ProfileView.swift */,
			);
			path = Profile;
			sourceTree = "<group>";
		};
		F29CEBA626D6E16F00C0F879 /* Utils */ = {
			isa = PBXGroup;
			children = (
				F29CEBA726D6E16F00C0F879 /* ImagePicker.swift */,
				F29CEBA826D6E16F00C0F879 /* Extensions.swift */,
				F29CEBA926D6E16F00C0F879 /* Alerts.swift */,
			);
			path = Utils;
			sourceTree = "<group>";
		};
/* End PBXGroup section */

/* Begin PBXNativeTarget section */
		F29CEB2926D6E05900C0F879 /* WalkApp */ = {
			isa = PBXNativeTarget;
			buildConfigurationList = F29CEB3926D6E05B00C0F879 /* Build configuration list for PBXNativeTarget "WalkApp" */;
			buildPhases = (
				F29CEB2626D6E05900C0F879 /* Sources */,
				F29CEB2726D6E05900C0F879 /* Frameworks */,
				F29CEB2826D6E05900C0F879 /* Resources */,
			);
			buildRules = (
			);
			dependencies = (
			);
			name = WalkApp;
			productName = WalkApp;
			productReference = F29CEB2A26D6E05900C0F879 /* WalkApp.app */;
			productType = "com.apple.product-type.application";
		};
/* End PBXNativeTarget section */

/* Begin PBXProject section */
		F29CEB2226D6E05900C0F879 /* Project object */ = {
			isa = PBXProject;
			attributes = {
				LastSwiftUpdateCheck = 1250;
				LastUpgradeCheck = 1250;
				TargetAttributes = {
					F29CEB2926D6E05900C0F879 = {
						CreatedOnToolsVersion = 12.5.1;
					};
				};
			};
			buildConfigurationList = F29CEB2526D6E05900C0F879 /* Build configuration list for PBXProject "WalkApp" */;
			compatibilityVersion = "Xcode 9.3";
			developmentRegion = en;
			hasScannedForEncodings = 0;
			knownRegions = (
				en,
				Base,
			);
			mainGroup = F29CEB2126D6E05900C0F879;
			productRefGroup = F29CEB2B26D6E05900C0F879 /* Products */;
			projectDirPath = "";
			projectRoot = "";
			targets = (
				F29CEB2926D6E05900C0F879 /* WalkApp */,
			);
		};
/* End PBXProject section */

/* Begin PBXResourcesBuildPhase section */
		F29CEB2826D6E05900C0F879 /* Resources */ = {
			isa = PBXResourcesBuildPhase;
			buildActionMask = 2147483647;
			files = (
				F29CEBAE26D6E2E200C0F879 /* Colors.plist in Resources */,
				F29CEB3526D6E05B00C0F879 /* Preview Assets.xcassets in Resources */,
				F29CEB3226D6E05B00C0F879 /* Assets.xcassets in Resources */,
			);
			runOnlyForDeploymentPostprocessing = 0;
		};
/* End PBXResourcesBuildPhase section */

/* Begin PBXSourcesBuildPhase section */
		F29CEB2626D6E05900C0F879 /* Sources */ = {
			isa = PBXSourcesBuildPhase;
			buildActionMask = 2147483647;
			files = (
				F29CEB9726D6E0EC00C0F879 /* WalkSectionView.swift in Sources */,
				F29CEBAC26D6E16F00C0F879 /* Alerts.swift in Sources */,
				F29CEBAB26D6E16F00C0F879 /* Extensions.swift in Sources */,
				F29CEB9526D6E0EC00C0F879 /* DogDetailView.swift in Sources */,
				F29CEB9626D6E0EC00C0F879 /* TimeRow.swift in Sources */,
				F29CEBAA26D6E16F00C0F879 /* ImagePicker.swift in Sources */,
				F29CEBA426D6E13200C0F879 /* User.swift in Sources */,
				F29CEB9226D6E0EC00C0F879 /* NewDogView.swift in Sources */,
				F29CEBA326D6E13200C0F879 /* Walk.swift in Sources */,
				F2214CAD272066E700853DE6 /* ModalView.swift in Sources */,
				F29CEBA526D6E13200C0F879 /* Dog.swift in Sources */,
				F29CEB9A26D6E0EC00C0F879 /* DogListRow.swift in Sources */,
				F29CEB2E26D6E05900C0F879 /* WalkAppApp.swift in Sources */,
				F29CEB9926D6E0EC00C0F879 /* DogListView.swift in Sources */,
				F29CEB9B26D6E0EC00C0F879 /* ProfileView.swift in Sources */,
			);
			runOnlyForDeploymentPostprocessing = 0;
		};
/* End PBXSourcesBuildPhase section */

/* Begin XCBuildConfiguration section */
		F29CEB3726D6E05B00C0F879 /* Debug */ = {
			isa = XCBuildConfiguration;
			buildSettings = {
				ALWAYS_SEARCH_USER_PATHS = NO;
				CLANG_ANALYZER_NONNULL = YES;
				CLANG_ANALYZER_NUMBER_OBJECT_CONVERSION = YES_AGGRESSIVE;
				CLANG_CXX_LANGUAGE_STANDARD = "gnu++14";
				CLANG_CXX_LIBRARY = "libc++";
				CLANG_ENABLE_MODULES = YES;
				CLANG_ENABLE_OBJC_ARC = YES;
				CLANG_ENABLE_OBJC_WEAK = YES;
				CLANG_WARN_BLOCK_CAPTURE_AUTORELEASING = YES;
				CLANG_WARN_BOOL_CONVERSION = YES;
				CLANG_WARN_COMMA = YES;
				CLANG_WARN_CONSTANT_CONVERSION = YES;
				CLANG_WARN_DEPRECATED_OBJC_IMPLEMENTATIONS = YES;
				CLANG_WARN_DIRECT_OBJC_ISA_USAGE = YES_ERROR;
				CLANG_WARN_DOCUMENTATION_COMMENTS = YES;
				CLANG_WARN_EMPTY_BODY = YES;
				CLANG_WARN_ENUM_CONVERSION = YES;
				CLANG_WARN_INFINITE_RECURSION = YES;
				CLANG_WARN_INT_CONVERSION = YES;
				CLANG_WARN_NON_LITERAL_NULL_CONVERSION = YES;
				CLANG_WARN_OBJC_IMPLICIT_RETAIN_SELF = YES;
				CLANG_WARN_OBJC_LITERAL_CONVERSION = YES;
				CLANG_WARN_OBJC_ROOT_CLASS = YES_ERROR;
				CLANG_WARN_QUOTED_INCLUDE_IN_FRAMEWORK_HEADER = YES;
				CLANG_WARN_RANGE_LOOP_ANALYSIS = YES;
				CLANG_WARN_STRICT_PROTOTYPES = YES;
				CLANG_WARN_SUSPICIOUS_MOVE = YES;
				CLANG_WARN_UNGUARDED_AVAILABILITY = YES_AGGRESSIVE;
				CLANG_WARN_UNREACHABLE_CODE = YES;
				CLANG_WARN__DUPLICATE_METHOD_MATCH = YES;
				COPY_PHASE_STRIP = NO;
				DEBUG_INFORMATION_FORMAT = dwarf;
				ENABLE_STRICT_OBJC_MSGSEND = YES;
				ENABLE_TESTABILITY = YES;
				GCC_C_LANGUAGE_STANDARD = gnu11;
				GCC_DYNAMIC_NO_PIC = NO;
				GCC_NO_COMMON_BLOCKS = YES;
				GCC_OPTIMIZATION_LEVEL = 0;
				GCC_PREPROCESSOR_DEFINITIONS = (
					"DEBUG=1",
					"$(inherited)",
				);
				GCC_WARN_64_TO_32_BIT_CONVERSION = YES;
				GCC_WARN_ABOUT_RETURN_TYPE = YES_ERROR;
				GCC_WARN_UNDECLARED_SELECTOR = YES;
				GCC_WARN_UNINITIALIZED_AUTOS = YES_AGGRESSIVE;
				GCC_WARN_UNUSED_FUNCTION = YES;
				GCC_WARN_UNUSED_VARIABLE = YES;
				IPHONEOS_DEPLOYMENT_TARGET = 14.5;
				MTL_ENABLE_DEBUG_INFO = INCLUDE_SOURCE;
				MTL_FAST_MATH = YES;
				ONLY_ACTIVE_ARCH = YES;
				SDKROOT = iphoneos;
				SWIFT_ACTIVE_COMPILATION_CONDITIONS = DEBUG;
				SWIFT_OPTIMIZATION_LEVEL = "-Onone";
			};
			name = Debug;
		};
		F29CEB3826D6E05B00C0F879 /* Release */ = {
			isa = XCBuildConfiguration;
			buildSettings = {
				ALWAYS_SEARCH_USER_PATHS = NO;
				CLANG_ANALYZER_NONNULL = YES;
				CLANG_ANALYZER_NUMBER_OBJECT_CONVERSION = YES_AGGRESSIVE;
				CLANG_CXX_LANGUAGE_STANDARD = "gnu++14";
				CLANG_CXX_LIBRARY = "libc++";
				CLANG_ENABLE_MODULES = YES;
				CLANG_ENABLE_OBJC_ARC = YES;
				CLANG_ENABLE_OBJC_WEAK = YES;
				CLANG_WARN_BLOCK_CAPTURE_AUTORELEASING = YES;
				CLANG_WARN_BOOL_CONVERSION = YES;
				CLANG_WARN_COMMA = YES;
				CLANG_WARN_CONSTANT_CONVERSION = YES;
				CLANG_WARN_DEPRECATED_OBJC_IMPLEMENTATIONS = YES;
				CLANG_WARN_DIRECT_OBJC_ISA_USAGE = YES_ERROR;
				CLANG_WARN_DOCUMENTATION_COMMENTS = YES;
				CLANG_WARN_EMPTY_BODY = YES;
				CLANG_WARN_ENUM_CONVERSION = YES;
				CLANG_WARN_INFINITE_RECURSION = YES;
				CLANG_WARN_INT_CONVERSION = YES;
				CLANG_WARN_NON_LITERAL_NULL_CONVERSION = YES;
				CLANG_WARN_OBJC_IMPLICIT_RETAIN_SELF = YES;
				CLANG_WARN_OBJC_LITERAL_CONVERSION = YES;
				CLANG_WARN_OBJC_ROOT_CLASS = YES_ERROR;
				CLANG_WARN_QUOTED_INCLUDE_IN_FRAMEWORK_HEADER = YES;
				CLANG_WARN_RANGE_LOOP_ANALYSIS = YES;
				CLANG_WARN_STRICT_PROTOTYPES = YES;
				CLANG_WARN_SUSPICIOUS_MOVE = YES;
				CLANG_WARN_UNGUARDED_AVAILABILITY = YES_AGGRESSIVE;
				CLANG_WARN_UNREACHABLE_CODE = YES;
				CLANG_WARN__DUPLICATE_METHOD_MATCH = YES;
				COPY_PHASE_STRIP = NO;
				DEBUG_INFORMATION_FORMAT = "dwarf-with-dsym";
				ENABLE_NS_ASSERTIONS = NO;
				ENABLE_STRICT_OBJC_MSGSEND = YES;
				GCC_C_LANGUAGE_STANDARD = gnu11;
				GCC_NO_COMMON_BLOCKS = YES;
				GCC_WARN_64_TO_32_BIT_CONVERSION = YES;
				GCC_WARN_ABOUT_RETURN_TYPE = YES_ERROR;
				GCC_WARN_UNDECLARED_SELECTOR = YES;
				GCC_WARN_UNINITIALIZED_AUTOS = YES_AGGRESSIVE;
				GCC_WARN_UNUSED_FUNCTION = YES;
				GCC_WARN_UNUSED_VARIABLE = YES;
				IPHONEOS_DEPLOYMENT_TARGET = 14.5;
				MTL_ENABLE_DEBUG_INFO = NO;
				MTL_FAST_MATH = YES;
				SDKROOT = iphoneos;
				SWIFT_COMPILATION_MODE = wholemodule;
				SWIFT_OPTIMIZATION_LEVEL = "-O";
				VALIDATE_PRODUCT = YES;
			};
			name = Release;
		};
		F29CEB3A26D6E05B00C0F879 /* Debug */ = {
			isa = XCBuildConfiguration;
			buildSettings = {
				ASSETCATALOG_COMPILER_APPICON_NAME = AppIcon;
				ASSETCATALOG_COMPILER_GLOBAL_ACCENT_COLOR_NAME = AccentColor;
				CODE_SIGN_STYLE = Automatic;
				DEVELOPMENT_ASSET_PATHS = "\"WalkApp/Preview Content\"";
				DEVELOPMENT_TEAM = LZB8X3995T;
				ENABLE_PREVIEWS = YES;
				INFOPLIST_FILE = WalkApp/Info.plist;
				IPHONEOS_DEPLOYMENT_TARGET = 14.0;
				LD_RUNPATH_SEARCH_PATHS = (
					"$(inherited)",
					"@executable_path/Frameworks",
				);
				PRODUCT_BUNDLE_IDENTIFIER = com.kimnordin.WalkApp;
				PRODUCT_NAME = "$(TARGET_NAME)";
				SWIFT_VERSION = 5.0;
				TARGETED_DEVICE_FAMILY = "1,2";
			};
			name = Debug;
		};
		F29CEB3B26D6E05B00C0F879 /* Release */ = {
			isa = XCBuildConfiguration;
			buildSettings = {
				ASSETCATALOG_COMPILER_APPICON_NAME = AppIcon;
				ASSETCATALOG_COMPILER_GLOBAL_ACCENT_COLOR_NAME = AccentColor;
				CODE_SIGN_STYLE = Automatic;
				DEVELOPMENT_ASSET_PATHS = "\"WalkApp/Preview Content\"";
				DEVELOPMENT_TEAM = LZB8X3995T;
				ENABLE_PREVIEWS = YES;
				INFOPLIST_FILE = WalkApp/Info.plist;
				IPHONEOS_DEPLOYMENT_TARGET = 14.0;
				LD_RUNPATH_SEARCH_PATHS = (
					"$(inherited)",
					"@executable_path/Frameworks",
				);
				PRODUCT_BUNDLE_IDENTIFIER = com.kimnordin.WalkApp;
				PRODUCT_NAME = "$(TARGET_NAME)";
				SWIFT_VERSION = 5.0;
				TARGETED_DEVICE_FAMILY = "1,2";
			};
			name = Release;
		};
/* End XCBuildConfiguration section */

/* Begin XCConfigurationList section */
		F29CEB2526D6E05900C0F879 /* Build configuration list for PBXProject "WalkApp" */ = {
			isa = XCConfigurationList;
			buildConfigurations = (
				F29CEB3726D6E05B00C0F879 /* Debug */,
				F29CEB3826D6E05B00C0F879 /* Release */,
			);
			defaultConfigurationIsVisible = 0;
			defaultConfigurationName = Release;
		};
		F29CEB3926D6E05B00C0F879 /* Build configuration list for PBXNativeTarget "WalkApp" */ = {
			isa = XCConfigurationList;
			buildConfigurations = (
				F29CEB3A26D6E05B00C0F879 /* Debug */,
				F29CEB3B26D6E05B00C0F879 /* Release */,
			);
			defaultConfigurationIsVisible = 0;
			defaultConfigurationName = Release;
		};
/* End XCConfigurationList section */
	};
	rootObject = F29CEB2226D6E05900C0F879 /* Project object */;
}
